// !$*UTF8*$!
{
	archiveVersion = 1;
	classes = {
	};
	objectVersion = 56;
	objects = {

/* Begin PBXBuildFile section */
		932468E9296B601500B9CF30 /* CipherTrainerApp.swift in Sources */ = {isa = PBXBuildFile; fileRef = 932468E8296B601500B9CF30 /* CipherTrainerApp.swift */; };
		932468EB296B601500B9CF30 /* ContentView.swift in Sources */ = {isa = PBXBuildFile; fileRef = 932468EA296B601500B9CF30 /* ContentView.swift */; };
		932468ED296B601600B9CF30 /* Assets.xcassets in Resources */ = {isa = PBXBuildFile; fileRef = 932468EC296B601600B9CF30 /* Assets.xcassets */; };
		932468F0296B601600B9CF30 /* Preview Assets.xcassets in Resources */ = {isa = PBXBuildFile; fileRef = 932468EF296B601600B9CF30 /* Preview Assets.xcassets */; };
		932468FE296BAADE00B9CF30 /* CipherShape.swift in Sources */ = {isa = PBXBuildFile; fileRef = 932468FD296BAADE00B9CF30 /* CipherShape.swift */; };
		93246901296C74F700B9CF30 /* Int+Ext.swift in Sources */ = {isa = PBXBuildFile; fileRef = 93246900296C74F700B9CF30 /* Int+Ext.swift */; };
		93246903296C7EC700B9CF30 /* String+Ext.swift in Sources */ = {isa = PBXBuildFile; fileRef = 93246902296C7EC700B9CF30 /* String+Ext.swift */; };
		93246905296CA01F00B9CF30 /* CipherBuilder.swift in Sources */ = {isa = PBXBuildFile; fileRef = 93246904296CA01F00B9CF30 /* CipherBuilder.swift */; };
		93246907296CA07C00B9CF30 /* AppTabView.swift in Sources */ = {isa = PBXBuildFile; fileRef = 93246906296CA07C00B9CF30 /* AppTabView.swift */; };
		93246909296CA49300B9CF30 /* ReferenceView.swift in Sources */ = {isa = PBXBuildFile; fileRef = 93246908296CA49300B9CF30 /* ReferenceView.swift */; };
		9324690C296CB64C00B9CF30 /* CTNumbers.swift in Sources */ = {isa = PBXBuildFile; fileRef = 9324690B296CB64C00B9CF30 /* CTNumbers.swift */; };
		9324690E296DCD2400B9CF30 /* CipherStack.swift in Sources */ = {isa = PBXBuildFile; fileRef = 9324690D296DCD2400B9CF30 /* CipherStack.swift */; };
		93246910296F0FCC00B9CF30 /* GameView.swift in Sources */ = {isa = PBXBuildFile; fileRef = 9324690F296F0FCC00B9CF30 /* GameView.swift */; };
/* End PBXBuildFile section */

/* Begin PBXFileReference section */
		932468E5296B601500B9CF30 /* CipherTrainer.app */ = {isa = PBXFileReference; explicitFileType = wrapper.application; includeInIndex = 0; path = CipherTrainer.app; sourceTree = BUILT_PRODUCTS_DIR; };
		932468E8296B601500B9CF30 /* CipherTrainerApp.swift */ = {isa = PBXFileReference; lastKnownFileType = sourcecode.swift; path = CipherTrainerApp.swift; sourceTree = "<group>"; };
		932468EA296B601500B9CF30 /* ContentView.swift */ = {isa = PBXFileReference; lastKnownFileType = sourcecode.swift; path = ContentView.swift; sourceTree = "<group>"; };
		932468EC296B601600B9CF30 /* Assets.xcassets */ = {isa = PBXFileReference; lastKnownFileType = folder.assetcatalog; path = Assets.xcassets; sourceTree = "<group>"; };
		932468EF296B601600B9CF30 /* Preview Assets.xcassets */ = {isa = PBXFileReference; lastKnownFileType = folder.assetcatalog; path = "Preview Assets.xcassets"; sourceTree = "<group>"; };
		932468FD296BAADE00B9CF30 /* CipherShape.swift */ = {isa = PBXFileReference; lastKnownFileType = sourcecode.swift; path = CipherShape.swift; sourceTree = "<group>"; };
		93246900296C74F700B9CF30 /* Int+Ext.swift */ = {isa = PBXFileReference; lastKnownFileType = sourcecode.swift; path = "Int+Ext.swift"; sourceTree = "<group>"; };
		93246902296C7EC700B9CF30 /* String+Ext.swift */ = {isa = PBXFileReference; lastKnownFileType = sourcecode.swift; path = "String+Ext.swift"; sourceTree = "<group>"; };
		93246904296CA01F00B9CF30 /* CipherBuilder.swift */ = {isa = PBXFileReference; lastKnownFileType = sourcecode.swift; path = CipherBuilder.swift; sourceTree = "<group>"; };
		93246906296CA07C00B9CF30 /* AppTabView.swift */ = {isa = PBXFileReference; lastKnownFileType = sourcecode.swift; path = AppTabView.swift; sourceTree = "<group>"; };
		93246908296CA49300B9CF30 /* ReferenceView.swift */ = {isa = PBXFileReference; lastKnownFileType = sourcecode.swift; path = ReferenceView.swift; sourceTree = "<group>"; };
		9324690B296CB64C00B9CF30 /* CTNumbers.swift */ = {isa = PBXFileReference; lastKnownFileType = sourcecode.swift; path = CTNumbers.swift; sourceTree = "<group>"; };
		9324690D296DCD2400B9CF30 /* CipherStack.swift */ = {isa = PBXFileReference; lastKnownFileType = sourcecode.swift; path = CipherStack.swift; sourceTree = "<group>"; };
		9324690F296F0FCC00B9CF30 /* GameView.swift */ = {isa = PBXFileReference; lastKnownFileType = sourcecode.swift; path = GameView.swift; sourceTree = "<group>"; };
/* End PBXFileReference section */

/* Begin PBXFrameworksBuildPhase section */
		932468E2296B601500B9CF30 /* Frameworks */ = {
			isa = PBXFrameworksBuildPhase;
			buildActionMask = 2147483647;
			files = (
			);
			runOnlyForDeploymentPostprocessing = 0;
		};
/* End PBXFrameworksBuildPhase section */

/* Begin PBXGroup section */
		932468DC296B601500B9CF30 = {
			isa = PBXGroup;
			children = (
				932468E7296B601500B9CF30 /* CipherTrainer */,
				932468E6296B601500B9CF30 /* Products */,
			);
			sourceTree = "<group>";
		};
		932468E6296B601500B9CF30 /* Products */ = {
			isa = PBXGroup;
			children = (
				932468E5296B601500B9CF30 /* CipherTrainer.app */,
			);
			name = Products;
			sourceTree = "<group>";
		};
		932468E7296B601500B9CF30 /* CipherTrainer */ = {
			isa = PBXGroup;
			children = (
				9324690A296CB63E00B9CF30 /* Helpers */,
				932468FF296C74E900B9CF30 /* Extensions */,
				932468F6296B605A00B9CF30 /* Views */,
				932468E8296B601500B9CF30 /* CipherTrainerApp.swift */,
				932468EA296B601500B9CF30 /* ContentView.swift */,
				932468EC296B601600B9CF30 /* Assets.xcassets */,
				932468EE296B601600B9CF30 /* Preview Content */,
			);
			path = CipherTrainer;
			sourceTree = "<group>";
		};
		932468EE296B601600B9CF30 /* Preview Content */ = {
			isa = PBXGroup;
			children = (
				932468EF296B601600B9CF30 /* Preview Assets.xcassets */,
			);
			path = "Preview Content";
			sourceTree = "<group>";
		};
		932468F6296B605A00B9CF30 /* Views */ = {
			isa = PBXGroup;
			children = (
				932468F7296B606400B9CF30 /* CiperShapes */,
				93246904296CA01F00B9CF30 /* CipherBuilder.swift */,
				93246906296CA07C00B9CF30 /* AppTabView.swift */,
				93246908296CA49300B9CF30 /* ReferenceView.swift */,
				9324690D296DCD2400B9CF30 /* CipherStack.swift */,
				9324690F296F0FCC00B9CF30 /* GameView.swift */,
			);
			path = Views;
			sourceTree = "<group>";
		};
		932468F7296B606400B9CF30 /* CiperShapes */ = {
			isa = PBXGroup;
			children = (
				932468FD296BAADE00B9CF30 /* CipherShape.swift */,
			);
			path = CiperShapes;
			sourceTree = "<group>";
		};
		932468FF296C74E900B9CF30 /* Extensions */ = {
			isa = PBXGroup;
			children = (
				93246900296C74F700B9CF30 /* Int+Ext.swift */,
				93246902296C7EC700B9CF30 /* String+Ext.swift */,
			);
			path = Extensions;
			sourceTree = "<group>";
		};
		9324690A296CB63E00B9CF30 /* Helpers */ = {
			isa = PBXGroup;
			children = (
				9324690B296CB64C00B9CF30 /* CTNumbers.swift */,
			);
			path = Helpers;
			sourceTree = "<group>";
		};
/* End PBXGroup section */

/* Begin PBXNativeTarget section */
		932468E4296B601500B9CF30 /* CipherTrainer */ = {
			isa = PBXNativeTarget;
			buildConfigurationList = 932468F3296B601600B9CF30 /* Build configuration list for PBXNativeTarget "CipherTrainer" */;
			buildPhases = (
				932468E1296B601500B9CF30 /* Sources */,
				932468E2296B601500B9CF30 /* Frameworks */,
				932468E3296B601500B9CF30 /* Resources */,
			);
			buildRules = (
			);
			dependencies = (
			);
			name = CipherTrainer;
			productName = CipherTrainer;
			productReference = 932468E5296B601500B9CF30 /* CipherTrainer.app */;
			productType = "com.apple.product-type.application";
		};
/* End PBXNativeTarget section */

/* Begin PBXProject section */
		932468DD296B601500B9CF30 /* Project object */ = {
			isa = PBXProject;
			attributes = {
				BuildIndependentTargetsInParallel = 1;
				LastSwiftUpdateCheck = 1420;
				LastUpgradeCheck = 1420;
				TargetAttributes = {
					932468E4296B601500B9CF30 = {
						CreatedOnToolsVersion = 14.2;
					};
				};
			};
			buildConfigurationList = 932468E0296B601500B9CF30 /* Build configuration list for PBXProject "CipherTrainer" */;
			compatibilityVersion = "Xcode 14.0";
			developmentRegion = en;
			hasScannedForEncodings = 0;
			knownRegions = (
				en,
				Base,
			);
			mainGroup = 932468DC296B601500B9CF30;
			productRefGroup = 932468E6296B601500B9CF30 /* Products */;
			projectDirPath = "";
			projectRoot = "";
			targets = (
				932468E4296B601500B9CF30 /* CipherTrainer */,
			);
		};
/* End PBXProject section */

/* Begin PBXResourcesBuildPhase section */
		932468E3296B601500B9CF30 /* Resources */ = {
			isa = PBXResourcesBuildPhase;
			buildActionMask = 2147483647;
			files = (
				932468F0296B601600B9CF30 /* Preview Assets.xcassets in Resources */,
				932468ED296B601600B9CF30 /* Assets.xcassets in Resources */,
			);
			runOnlyForDeploymentPostprocessing = 0;
		};
/* End PBXResourcesBuildPhase section */

/* Begin PBXSourcesBuildPhase section */
		932468E1296B601500B9CF30 /* Sources */ = {
			isa = PBXSourcesBuildPhase;
			buildActionMask = 2147483647;
			files = (
				93246909296CA49300B9CF30 /* ReferenceView.swift in Sources */,
				932468FE296BAADE00B9CF30 /* CipherShape.swift in Sources */,
				9324690C296CB64C00B9CF30 /* CTNumbers.swift in Sources */,
				932468EB296B601500B9CF30 /* ContentView.swift in Sources */,
				932468E9296B601500B9CF30 /* CipherTrainerApp.swift in Sources */,
				93246910296F0FCC00B9CF30 /* GameView.swift in Sources */,
				9324690E296DCD2400B9CF30 /* CipherStack.swift in Sources */,
				93246903296C7EC700B9CF30 /* String+Ext.swift in Sources */,
				93246907296CA07C00B9CF30 /* AppTabView.swift in Sources */,
				93246905296CA01F00B9CF30 /* CipherBuilder.swift in Sources */,
				93246901296C74F700B9CF30 /* Int+Ext.swift in Sources */,
			);
			runOnlyForDeploymentPostprocessing = 0;
		};
/* End PBXSourcesBuildPhase section */

/* Begin XCBuildConfiguration section */
		932468F1296B601600B9CF30 /* Debug */ = {
			isa = XCBuildConfiguration;
			buildSettings = {
				ALWAYS_SEARCH_USER_PATHS = NO;
				CLANG_ANALYZER_NONNULL = YES;
				CLANG_ANALYZER_NUMBER_OBJECT_CONVERSION = YES_AGGRESSIVE;
				CLANG_CXX_LANGUAGE_STANDARD = "gnu++20";
				CLANG_ENABLE_MODULES = YES;
				CLANG_ENABLE_OBJC_ARC = YES;
				CLANG_ENABLE_OBJC_WEAK = YES;
				CLANG_WARN_BLOCK_CAPTURE_AUTORELEASING = YES;
				CLANG_WARN_BOOL_CONVERSION = YES;
				CLANG_WARN_COMMA = YES;
				CLANG_WARN_CONSTANT_CONVERSION = YES;
				CLANG_WARN_DEPRECATED_OBJC_IMPLEMENTATIONS = YES;
				CLANG_WARN_DIRECT_OBJC_ISA_USAGE = YES_ERROR;
				CLANG_WARN_DOCUMENTATION_COMMENTS = YES;
				CLANG_WARN_EMPTY_BODY = YES;
				CLANG_WARN_ENUM_CONVERSION = YES;
				CLANG_WARN_INFINITE_RECURSION = YES;
				CLANG_WARN_INT_CONVERSION = YES;
				CLANG_WARN_NON_LITERAL_NULL_CONVERSION = YES;
				CLANG_WARN_OBJC_IMPLICIT_RETAIN_SELF = YES;
				CLANG_WARN_OBJC_LITERAL_CONVERSION = YES;
				CLANG_WARN_OBJC_ROOT_CLASS = YES_ERROR;
				CLANG_WARN_QUOTED_INCLUDE_IN_FRAMEWORK_HEADER = YES;
				CLANG_WARN_RANGE_LOOP_ANALYSIS = YES;
				CLANG_WARN_STRICT_PROTOTYPES = YES;
				CLANG_WARN_SUSPICIOUS_MOVE = YES;
				CLANG_WARN_UNGUARDED_AVAILABILITY = YES_AGGRESSIVE;
				CLANG_WARN_UNREACHABLE_CODE = YES;
				CLANG_WARN__DUPLICATE_METHOD_MATCH = YES;
				COPY_PHASE_STRIP = NO;
				DEBUG_INFORMATION_FORMAT = dwarf;
				ENABLE_STRICT_OBJC_MSGSEND = YES;
				ENABLE_TESTABILITY = YES;
				GCC_C_LANGUAGE_STANDARD = gnu11;
				GCC_DYNAMIC_NO_PIC = NO;
				GCC_NO_COMMON_BLOCKS = YES;
				GCC_OPTIMIZATION_LEVEL = 0;
				GCC_PREPROCESSOR_DEFINITIONS = (
					"DEBUG=1",
					"$(inherited)",
				);
				GCC_WARN_64_TO_32_BIT_CONVERSION = YES;
				GCC_WARN_ABOUT_RETURN_TYPE = YES_ERROR;
				GCC_WARN_UNDECLARED_SELECTOR = YES;
				GCC_WARN_UNINITIALIZED_AUTOS = YES_AGGRESSIVE;
				GCC_WARN_UNUSED_FUNCTION = YES;
				GCC_WARN_UNUSED_VARIABLE = YES;
				IPHONEOS_DEPLOYMENT_TARGET = 16.2;
				MTL_ENABLE_DEBUG_INFO = INCLUDE_SOURCE;
				MTL_FAST_MATH = YES;
				ONLY_ACTIVE_ARCH = YES;
				SDKROOT = iphoneos;
				SWIFT_ACTIVE_COMPILATION_CONDITIONS = DEBUG;
				SWIFT_OPTIMIZATION_LEVEL = "-Onone";
			};
			name = Debug;
		};
		932468F2296B601600B9CF30 /* Release */ = {
			isa = XCBuildConfiguration;
			buildSettings = {
				ALWAYS_SEARCH_USER_PATHS = NO;
				CLANG_ANALYZER_NONNULL = YES;
				CLANG_ANALYZER_NUMBER_OBJECT_CONVERSION = YES_AGGRESSIVE;
				CLANG_CXX_LANGUAGE_STANDARD = "gnu++20";
				CLANG_ENABLE_MODULES = YES;
				CLANG_ENABLE_OBJC_ARC = YES;
				CLANG_ENABLE_OBJC_WEAK = YES;
				CLANG_WARN_BLOCK_CAPTURE_AUTORELEASING = YES;
				CLANG_WARN_BOOL_CONVERSION = YES;
				CLANG_WARN_COMMA = YES;
				CLANG_WARN_CONSTANT_CONVERSION = YES;
				CLANG_WARN_DEPRECATED_OBJC_IMPLEMENTATIONS = YES;
				CLANG_WARN_DIRECT_OBJC_ISA_USAGE = YES_ERROR;
				CLANG_WARN_DOCUMENTATION_COMMENTS = YES;
				CLANG_WARN_EMPTY_BODY = YES;
				CLANG_WARN_ENUM_CONVERSION = YES;
				CLANG_WARN_INFINITE_RECURSION = YES;
				CLANG_WARN_INT_CONVERSION = YES;
				CLANG_WARN_NON_LITERAL_NULL_CONVERSION = YES;
				CLANG_WARN_OBJC_IMPLICIT_RETAIN_SELF = YES;
				CLANG_WARN_OBJC_LITERAL_CONVERSION = YES;
				CLANG_WARN_OBJC_ROOT_CLASS = YES_ERROR;
				CLANG_WARN_QUOTED_INCLUDE_IN_FRAMEWORK_HEADER = YES;
				CLANG_WARN_RANGE_LOOP_ANALYSIS = YES;
				CLANG_WARN_STRICT_PROTOTYPES = YES;
				CLANG_WARN_SUSPICIOUS_MOVE = YES;
				CLANG_WARN_UNGUARDED_AVAILABILITY = YES_AGGRESSIVE;
				CLANG_WARN_UNREACHABLE_CODE = YES;
				CLANG_WARN__DUPLICATE_METHOD_MATCH = YES;
				COPY_PHASE_STRIP = NO;
				DEBUG_INFORMATION_FORMAT = "dwarf-with-dsym";
				ENABLE_NS_ASSERTIONS = NO;
				ENABLE_STRICT_OBJC_MSGSEND = YES;
				GCC_C_LANGUAGE_STANDARD = gnu11;
				GCC_NO_COMMON_BLOCKS = YES;
				GCC_WARN_64_TO_32_BIT_CONVERSION = YES;
				GCC_WARN_ABOUT_RETURN_TYPE = YES_ERROR;
				GCC_WARN_UNDECLARED_SELECTOR = YES;
				GCC_WARN_UNINITIALIZED_AUTOS = YES_AGGRESSIVE;
				GCC_WARN_UNUSED_FUNCTION = YES;
				GCC_WARN_UNUSED_VARIABLE = YES;
				IPHONEOS_DEPLOYMENT_TARGET = 16.2;
				MTL_ENABLE_DEBUG_INFO = NO;
				MTL_FAST_MATH = YES;
				SDKROOT = iphoneos;
				SWIFT_COMPILATION_MODE = wholemodule;
				SWIFT_OPTIMIZATION_LEVEL = "-O";
				VALIDATE_PRODUCT = YES;
			};
			name = Release;
		};
		932468F4296B601600B9CF30 /* Debug */ = {
			isa = XCBuildConfiguration;
			buildSettings = {
				ASSETCATALOG_COMPILER_APPICON_NAME = AppIcon;
				ASSETCATALOG_COMPILER_GLOBAL_ACCENT_COLOR_NAME = AccentColor;
				CODE_SIGN_STYLE = Automatic;
				CURRENT_PROJECT_VERSION = 1;
				DEVELOPMENT_ASSET_PATHS = "\"CipherTrainer/Preview Content\"";
				DEVELOPMENT_TEAM = 43SS4W48UT;
				ENABLE_PREVIEWS = YES;
				GENERATE_INFOPLIST_FILE = YES;
				INFOPLIST_KEY_UIApplicationSceneManifest_Generation = YES;
				INFOPLIST_KEY_UIApplicationSupportsIndirectInputEvents = YES;
				INFOPLIST_KEY_UILaunchScreen_Generation = YES;
				INFOPLIST_KEY_UISupportedInterfaceOrientations_iPad = "UIInterfaceOrientationPortrait UIInterfaceOrientationPortraitUpsideDown UIInterfaceOrientationLandscapeLeft UIInterfaceOrientationLandscapeRight";
				INFOPLIST_KEY_UISupportedInterfaceOrientations_iPhone = "UIInterfaceOrientationPortrait UIInterfaceOrientationLandscapeLeft UIInterfaceOrientationLandscapeRight";
				LD_RUNPATH_SEARCH_PATHS = (
					"$(inherited)",
					"@executable_path/Frameworks",
				);
				MARKETING_VERSION = 1.0;
				PRODUCT_BUNDLE_IDENTIFIER = com.richardmaycode.CipherTrainer;
				PRODUCT_NAME = "$(TARGET_NAME)";
				SWIFT_EMIT_LOC_STRINGS = YES;
				SWIFT_VERSION = 5.0;
				TARGETED_DEVICE_FAMILY = "1,2";
			};
			name = Debug;
		};
		932468F5296B601600B9CF30 /* Release */ = {
			isa = XCBuildConfiguration;
			buildSettings = {
				ASSETCATALOG_COMPILER_APPICON_NAME = AppIcon;
				ASSETCATALOG_COMPILER_GLOBAL_ACCENT_COLOR_NAME = AccentColor;
				CODE_SIGN_STYLE = Automatic;
				CURRENT_PROJECT_VERSION = 1;
				DEVELOPMENT_ASSET_PATHS = "\"CipherTrainer/Preview Content\"";
				DEVELOPMENT_TEAM = 43SS4W48UT;
				ENABLE_PREVIEWS = YES;
				GENERATE_INFOPLIST_FILE = YES;
				INFOPLIST_KEY_UIApplicationSceneManifest_Generation = YES;
				INFOPLIST_KEY_UIApplicationSupportsIndirectInputEvents = YES;
				INFOPLIST_KEY_UILaunchScreen_Generation = YES;
				INFOPLIST_KEY_UISupportedInterfaceOrientations_iPad = "UIInterfaceOrientationPortrait UIInterfaceOrientationPortraitUpsideDown UIInterfaceOrientationLandscapeLeft UIInterfaceOrientationLandscapeRight";
				INFOPLIST_KEY_UISupportedInterfaceOrientations_iPhone = "UIInterfaceOrientationPortrait UIInterfaceOrientationLandscapeLeft UIInterfaceOrientationLandscapeRight";
				LD_RUNPATH_SEARCH_PATHS = (
					"$(inherited)",
					"@executable_path/Frameworks",
				);
				MARKETING_VERSION = 1.0;
				PRODUCT_BUNDLE_IDENTIFIER = com.richardmaycode.CipherTrainer;
				PRODUCT_NAME = "$(TARGET_NAME)";
				SWIFT_EMIT_LOC_STRINGS = YES;
				SWIFT_VERSION = 5.0;
				TARGETED_DEVICE_FAMILY = "1,2";
			};
			name = Release;
		};
/* End XCBuildConfiguration section */

/* Begin XCConfigurationList section */
		932468E0296B601500B9CF30 /* Build configuration list for PBXProject "CipherTrainer" */ = {
			isa = XCConfigurationList;
			buildConfigurations = (
				932468F1296B601600B9CF30 /* Debug */,
				932468F2296B601600B9CF30 /* Release */,
			);
			defaultConfigurationIsVisible = 0;
			defaultConfigurationName = Release;
		};
		932468F3296B601600B9CF30 /* Build configuration list for PBXNativeTarget "CipherTrainer" */ = {
			isa = XCConfigurationList;
			buildConfigurations = (
				932468F4296B601600B9CF30 /* Debug */,
				932468F5296B601600B9CF30 /* Release */,
			);
			defaultConfigurationIsVisible = 0;
			defaultConfigurationName = Release;
		};
/* End XCConfigurationList section */
	};
	rootObject = 932468DD296B601500B9CF30 /* Project object */;
}
